{
  "requires": true,
  "lockfileVersion": 1,
  "dependencies": {
    "rn-sprite-sheet": {
      "version": "1.1.9",
      "resolved": "https://registry.npmjs.org/rn-sprite-sheet/-/rn-sprite-sheet-1.1.9.tgz",
      "integrity": "sha512-FyTeiv+NZeWiADWZnzV9gnH3Rhxv0MPsGa8J9xUmQMwD5+hjnbRFJKcVxQ9HJVbnyM9uPxV1b6uL8tRMFqi0vw=="
    }
  }
}
